// !$*UTF8*$!
{
	archiveVersion = 1;
	classes = {
	};
	objectVersion = 46;
	objects = {

/* Begin PBXBuildFile section */
		C61DE8D61B843AA1002E533C /* main.m in Sources */ = {isa = PBXBuildFile; fileRef = C61DE8D51B843AA1002E533C /* main.m */; };
		C61DE8D91B843AA1002E533C /* AppDelegate.m in Sources */ = {isa = PBXBuildFile; fileRef = C61DE8D81B843AA1002E533C /* AppDelegate.m */; };
		C61DE8DC1B843AA1002E533C /* ViewController.m in Sources */ = {isa = PBXBuildFile; fileRef = C61DE8DB1B843AA1002E533C /* ViewController.m */; };
		C61DE8DF1B843AA1002E533C /* Main.storyboard in Resources */ = {isa = PBXBuildFile; fileRef = C61DE8DD1B843AA1002E533C /* Main.storyboard */; };
		C61DE8E11B843AA1002E533C /* Images.xcassets in Resources */ = {isa = PBXBuildFile; fileRef = C61DE8E01B843AA1002E533C /* Images.xcassets */; };
		C61DE8E41B843AA1002E533C /* LaunchScreen.xib in Resources */ = {isa = PBXBuildFile; fileRef = C61DE8E21B843AA1002E533C /* LaunchScreen.xib */; };
		C61DE8F01B843AA1002E533C /* CardGameTests.m in Sources */ = {isa = PBXBuildFile; fileRef = C61DE8EF1B843AA1002E533C /* CardGameTests.m */; };
		C61DE9001B85DED7002E533C /* Card.m in Sources */ = {isa = PBXBuildFile; fileRef = C61DE8FF1B85DED7002E533C /* Card.m */; };
		C61DE9031B85DF65002E533C /* Deck.m in Sources */ = {isa = PBXBuildFile; fileRef = C61DE9021B85DF65002E533C /* Deck.m */; };
		C61DE90A1B85E3E0002E533C /* PlayingCard.m in Sources */ = {isa = PBXBuildFile; fileRef = C61DE9091B85E3E0002E533C /* PlayingCard.m */; };
		C6563DFD1B89A8A20006F1B4 /* PlayingCardDeck.m in Sources */ = {isa = PBXBuildFile; fileRef = C6563DFC1B89A8A20006F1B4 /* PlayingCardDeck.m */; };
/* End PBXBuildFile section */

/* Begin PBXContainerItemProxy section */
		C61DE8EA1B843AA1002E533C /* PBXContainerItemProxy */ = {
			isa = PBXContainerItemProxy;
			containerPortal = C61DE8C81B843AA0002E533C /* Project object */;
			proxyType = 1;
			remoteGlobalIDString = C61DE8CF1B843AA0002E533C;
			remoteInfo = CardGame;
		};
/* End PBXContainerItemProxy section */

/* Begin PBXFileReference section */
		C61DE8D01B843AA1002E533C /* CardGame.app */ = {isa = PBXFileReference; explicitFileType = wrapper.application; includeInIndex = 0; path = CardGame.app; sourceTree = BUILT_PRODUCTS_DIR; };
		C61DE8D41B843AA1002E533C /* Info.plist */ = {isa = PBXFileReference; lastKnownFileType = text.plist.xml; path = Info.plist; sourceTree = "<group>"; };
		C61DE8D51B843AA1002E533C /* main.m */ = {isa = PBXFileReference; lastKnownFileType = sourcecode.c.objc; path = main.m; sourceTree = "<group>"; };
		C61DE8D71B843AA1002E533C /* AppDelegate.h */ = {isa = PBXFileReference; lastKnownFileType = sourcecode.c.h; path = AppDelegate.h; sourceTree = "<group>"; };
		C61DE8D81B843AA1002E533C /* AppDelegate.m */ = {isa = PBXFileReference; lastKnownFileType = sourcecode.c.objc; path = AppDelegate.m; sourceTree = "<group>"; };
		C61DE8DA1B843AA1002E533C /* ViewController.h */ = {isa = PBXFileReference; lastKnownFileType = sourcecode.c.h; path = ViewController.h; sourceTree = "<group>"; };
		C61DE8DB1B843AA1002E533C /* ViewController.m */ = {isa = PBXFileReference; lastKnownFileType = sourcecode.c.objc; path = ViewController.m; sourceTree = "<group>"; };
		C61DE8DE1B843AA1002E533C /* Base */ = {isa = PBXFileReference; lastKnownFileType = file.storyboard; name = Base; path = Base.lproj/Main.storyboard; sourceTree = "<group>"; };
		C61DE8E01B843AA1002E533C /* Images.xcassets */ = {isa = PBXFileReference; lastKnownFileType = folder.assetcatalog; path = Images.xcassets; sourceTree = "<group>"; };
		C61DE8E31B843AA1002E533C /* Base */ = {isa = PBXFileReference; lastKnownFileType = file.xib; name = Base; path = Base.lproj/LaunchScreen.xib; sourceTree = "<group>"; };
		C61DE8E91B843AA1002E533C /* CardGameTests.xctest */ = {isa = PBXFileReference; explicitFileType = wrapper.cfbundle; includeInIndex = 0; path = CardGameTests.xctest; sourceTree = BUILT_PRODUCTS_DIR; };
		C61DE8EE1B843AA1002E533C /* Info.plist */ = {isa = PBXFileReference; lastKnownFileType = text.plist.xml; path = Info.plist; sourceTree = "<group>"; };
		C61DE8EF1B843AA1002E533C /* CardGameTests.m */ = {isa = PBXFileReference; lastKnownFileType = sourcecode.c.objc; path = CardGameTests.m; sourceTree = "<group>"; };
		C61DE8FE1B85DED7002E533C /* Card.h */ = {isa = PBXFileReference; fileEncoding = 4; lastKnownFileType = sourcecode.c.h; path = Card.h; sourceTree = "<group>"; };
		C61DE8FF1B85DED7002E533C /* Card.m */ = {isa = PBXFileReference; fileEncoding = 4; lastKnownFileType = sourcecode.c.objc; path = Card.m; sourceTree = "<group>"; };
		C61DE9011B85DF65002E533C /* Deck.h */ = {isa = PBXFileReference; fileEncoding = 4; lastKnownFileType = sourcecode.c.h; path = Deck.h; sourceTree = "<group>"; };
		C61DE9021B85DF65002E533C /* Deck.m */ = {isa = PBXFileReference; fileEncoding = 4; lastKnownFileType = sourcecode.c.objc; path = Deck.m; sourceTree = "<group>"; };
		C61DE9081B85E3E0002E533C /* PlayingCard.h */ = {isa = PBXFileReference; fileEncoding = 4; lastKnownFileType = sourcecode.c.h; path = PlayingCard.h; sourceTree = "<group>"; };
		C61DE9091B85E3E0002E533C /* PlayingCard.m */ = {isa = PBXFileReference; fileEncoding = 4; lastKnownFileType = sourcecode.c.objc; path = PlayingCard.m; sourceTree = "<group>"; };
		C6563DFB1B89A8A20006F1B4 /* PlayingCardDeck.h */ = {isa = PBXFileReference; fileEncoding = 4; lastKnownFileType = sourcecode.c.h; path = PlayingCardDeck.h; sourceTree = "<group>"; };
		C6563DFC1B89A8A20006F1B4 /* PlayingCardDeck.m */ = {isa = PBXFileReference; fileEncoding = 4; lastKnownFileType = sourcecode.c.objc; path = PlayingCardDeck.m; sourceTree = "<group>"; };
/* End PBXFileReference section */

/* Begin PBXFrameworksBuildPhase section */
		C61DE8CD1B843AA0002E533C /* Frameworks */ = {
			isa = PBXFrameworksBuildPhase;
			buildActionMask = 2147483647;
			files = (
			);
			runOnlyForDeploymentPostprocessing = 0;
		};
		C61DE8E61B843AA1002E533C /* Frameworks */ = {
			isa = PBXFrameworksBuildPhase;
			buildActionMask = 2147483647;
			files = (
			);
			runOnlyForDeploymentPostprocessing = 0;
		};
/* End PBXFrameworksBuildPhase section */

/* Begin PBXGroup section */
		C61DE8C71B843AA0002E533C = {
			isa = PBXGroup;
			children = (
				C61DE8D21B843AA1002E533C /* CardGame */,
				C61DE8EC1B843AA1002E533C /* CardGameTests */,
				C61DE8D11B843AA1002E533C /* Products */,
			);
			sourceTree = "<group>";
		};
		C61DE8D11B843AA1002E533C /* Products */ = {
			isa = PBXGroup;
			children = (
				C61DE8D01B843AA1002E533C /* CardGame.app */,
				C61DE8E91B843AA1002E533C /* CardGameTests.xctest */,
			);
			name = Products;
			sourceTree = "<group>";
		};
		C61DE8D21B843AA1002E533C /* CardGame */ = {
			isa = PBXGroup;
			children = (
				C61DE8FB1B85DDB6002E533C /* Modal */,
				C61DE8FA1B85DD8B002E533C /* VC */,
				C61DE8DD1B843AA1002E533C /* Main.storyboard */,
				C61DE8E01B843AA1002E533C /* Images.xcassets */,
				C61DE8E21B843AA1002E533C /* LaunchScreen.xib */,
				C61DE8D31B843AA1002E533C /* Supporting Files */,
			);
			path = CardGame;
			sourceTree = "<group>";
		};
		C61DE8D31B843AA1002E533C /* Supporting Files */ = {
			isa = PBXGroup;
			children = (
				C61DE8D71B843AA1002E533C /* AppDelegate.h */,
				C61DE8D81B843AA1002E533C /* AppDelegate.m */,
				C61DE8D41B843AA1002E533C /* Info.plist */,
				C61DE8D51B843AA1002E533C /* main.m */,
			);
			name = "Supporting Files";
			sourceTree = "<group>";
		};
		C61DE8EC1B843AA1002E533C /* CardGameTests */ = {
			isa = PBXGroup;
			children = (
				C61DE8EF1B843AA1002E533C /* CardGameTests.m */,
				C61DE8ED1B843AA1002E533C /* Supporting Files */,
			);
			path = CardGameTests;
			sourceTree = "<group>";
		};
		C61DE8ED1B843AA1002E533C /* Supporting Files */ = {
			isa = PBXGroup;
			children = (
				C61DE8EE1B843AA1002E533C /* Info.plist */,
			);
			name = "Supporting Files";
			sourceTree = "<group>";
		};
		C61DE8FA1B85DD8B002E533C /* VC */ = {
			isa = PBXGroup;
			children = (
				C61DE8DA1B843AA1002E533C /* ViewController.h */,
				C61DE8DB1B843AA1002E533C /* ViewController.m */,
			);
			name = VC;
			sourceTree = "<group>";
		};
		C61DE8FB1B85DDB6002E533C /* Modal */ = {
			isa = PBXGroup;
			children = (
				C61DE8FE1B85DED7002E533C /* Card.h */,
				C61DE8FF1B85DED7002E533C /* Card.m */,
				C61DE9011B85DF65002E533C /* Deck.h */,
				C61DE9021B85DF65002E533C /* Deck.m */,
				C61DE9081B85E3E0002E533C /* PlayingCard.h */,
				C61DE9091B85E3E0002E533C /* PlayingCard.m */,
				C6563DFB1B89A8A20006F1B4 /* PlayingCardDeck.h */,
				C6563DFC1B89A8A20006F1B4 /* PlayingCardDeck.m */,
			);
			name = Modal;
			sourceTree = "<group>";
		};
/* End PBXGroup section */

/* Begin PBXNativeTarget section */
		C61DE8CF1B843AA0002E533C /* CardGame */ = {
			isa = PBXNativeTarget;
			buildConfigurationList = C61DE8F31B843AA1002E533C /* Build configuration list for PBXNativeTarget "CardGame" */;
			buildPhases = (
				C61DE8CC1B843AA0002E533C /* Sources */,
				C61DE8CD1B843AA0002E533C /* Frameworks */,
				C61DE8CE1B843AA0002E533C /* Resources */,
			);
			buildRules = (
			);
			dependencies = (
			);
			name = CardGame;
			productName = CardGame;
			productReference = C61DE8D01B843AA1002E533C /* CardGame.app */;
			productType = "com.apple.product-type.application";
		};
		C61DE8E81B843AA1002E533C /* CardGameTests */ = {
			isa = PBXNativeTarget;
			buildConfigurationList = C61DE8F61B843AA1002E533C /* Build configuration list for PBXNativeTarget "CardGameTests" */;
			buildPhases = (
				C61DE8E51B843AA1002E533C /* Sources */,
				C61DE8E61B843AA1002E533C /* Frameworks */,
				C61DE8E71B843AA1002E533C /* Resources */,
			);
			buildRules = (
			);
			dependencies = (
				C61DE8EB1B843AA1002E533C /* PBXTargetDependency */,
			);
			name = CardGameTests;
			productName = CardGameTests;
			productReference = C61DE8E91B843AA1002E533C /* CardGameTests.xctest */;
			productType = "com.apple.product-type.bundle.unit-test";
		};
/* End PBXNativeTarget section */

/* Begin PBXProject section */
		C61DE8C81B843AA0002E533C /* Project object */ = {
			isa = PBXProject;
			attributes = {
				LastUpgradeCheck = 0640;
				ORGANIZATIONNAME = Jackchenxm;
				TargetAttributes = {
					C61DE8CF1B843AA0002E533C = {
						CreatedOnToolsVersion = 6.4;
					};
					C61DE8E81B843AA1002E533C = {
						CreatedOnToolsVersion = 6.4;
						TestTargetID = C61DE8CF1B843AA0002E533C;
					};
				};
			};
			buildConfigurationList = C61DE8CB1B843AA0002E533C /* Build configuration list for PBXProject "CardGame" */;
			compatibilityVersion = "Xcode 3.2";
			developmentRegion = English;
			hasScannedForEncodings = 0;
			knownRegions = (
				en,
				Base,
			);
			mainGroup = C61DE8C71B843AA0002E533C;
			productRefGroup = C61DE8D11B843AA1002E533C /* Products */;
			projectDirPath = "";
			projectRoot = "";
			targets = (
				C61DE8CF1B843AA0002E533C /* CardGame */,
				C61DE8E81B843AA1002E533C /* CardGameTests */,
			);
		};
/* End PBXProject section */

/* Begin PBXResourcesBuildPhase section */
		C61DE8CE1B843AA0002E533C /* Resources */ = {
			isa = PBXResourcesBuildPhase;
			buildActionMask = 2147483647;
			files = (
				C61DE8DF1B843AA1002E533C /* Main.storyboard in Resources */,
				C61DE8E41B843AA1002E533C /* LaunchScreen.xib in Resources */,
				C61DE8E11B843AA1002E533C /* Images.xcassets in Resources */,
			);
			runOnlyForDeploymentPostprocessing = 0;
		};
		C61DE8E71B843AA1002E533C /* Resources */ = {
			isa = PBXResourcesBuildPhase;
			buildActionMask = 2147483647;
			files = (
			);
			runOnlyForDeploymentPostprocessing = 0;
		};
/* End PBXResourcesBuildPhase section */

/* Begin PBXSourcesBuildPhase section */
		C61DE8CC1B843AA0002E533C /* Sources */ = {
			isa = PBXSourcesBuildPhase;
			buildActionMask = 2147483647;
			files = (
				C61DE90A1B85E3E0002E533C /* PlayingCard.m in Sources */,
				C61DE9031B85DF65002E533C /* Deck.m in Sources */,
				C61DE8DC1B843AA1002E533C /* ViewController.m in Sources */,
				C61DE8D91B843AA1002E533C /* AppDelegate.m in Sources */,
				C6563DFD1B89A8A20006F1B4 /* PlayingCardDeck.m in Sources */,
				C61DE8D61B843AA1002E533C /* main.m in Sources */,
				C61DE9001B85DED7002E533C /* Card.m in Sources */,
			);
			runOnlyForDeploymentPostprocessing = 0;
		};
		C61DE8E51B843AA1002E533C /* Sources */ = {
			isa = PBXSourcesBuildPhase;
			buildActionMask = 2147483647;
			files = (
				C61DE8F01B843AA1002E533C /* CardGameTests.m in Sources */,
			);
			runOnlyForDeploymentPostprocessing = 0;
		};
/* End PBXSourcesBuildPhase section */

/* Begin PBXTargetDependency section */
		C61DE8EB1B843AA1002E533C /* PBXTargetDependency */ = {
			isa = PBXTargetDependency;
			target = C61DE8CF1B843AA0002E533C /* CardGame */;
			targetProxy = C61DE8EA1B843AA1002E533C /* PBXContainerItemProxy */;
		};
/* End PBXTargetDependency section */

/* Begin PBXVariantGroup section */
		C61DE8DD1B843AA1002E533C /* Main.storyboard */ = {
			isa = PBXVariantGroup;
			children = (
				C61DE8DE1B843AA1002E533C /* Base */,
			);
			name = Main.storyboard;
			sourceTree = "<group>";
		};
		C61DE8E21B843AA1002E533C /* LaunchScreen.xib */ = {
			isa = PBXVariantGroup;
			children = (
				C61DE8E31B843AA1002E533C /* Base */,
			);
			name = LaunchScreen.xib;
			sourceTree = "<group>";
		};
/* End PBXVariantGroup section */

/* Begin XCBuildConfiguration section */
		C61DE8F11B843AA1002E533C /* Debug */ = {
			isa = XCBuildConfiguration;
			buildSettings = {
				ALWAYS_SEARCH_USER_PATHS = NO;
				CLANG_CXX_LANGUAGE_STANDARD = "gnu++0x";
				CLANG_CXX_LIBRARY = "libc++";
				CLANG_ENABLE_MODULES = YES;
				CLANG_ENABLE_OBJC_ARC = YES;
				CLANG_WARN_BOOL_CONVERSION = YES;
				CLANG_WARN_CONSTANT_CONVERSION = YES;
				CLANG_WARN_DIRECT_OBJC_ISA_USAGE = YES_ERROR;
				CLANG_WARN_EMPTY_BODY = YES;
				CLANG_WARN_ENUM_CONVERSION = YES;
				CLANG_WARN_INT_CONVERSION = YES;
				CLANG_WARN_OBJC_ROOT_CLASS = YES_ERROR;
				CLANG_WARN_UNREACHABLE_CODE = YES;
				CLANG_WARN__DUPLICATE_METHOD_MATCH = YES;
				"CODE_SIGN_IDENTITY[sdk=iphoneos*]" = "iPhone Developer";
				COPY_PHASE_STRIP = NO;
				DEBUG_INFORMATION_FORMAT = "dwarf-with-dsym";
				ENABLE_STRICT_OBJC_MSGSEND = YES;
				GCC_C_LANGUAGE_STANDARD = gnu99;
				GCC_DYNAMIC_NO_PIC = NO;
				GCC_NO_COMMON_BLOCKS = YES;
				GCC_OPTIMIZATION_LEVEL = 0;
				GCC_PREPROCESSOR_DEFINITIONS = (
					"DEBUG=1",
					"$(inherited)",
				);
				GCC_SYMBOLS_PRIVATE_EXTERN = NO;
				GCC_WARN_64_TO_32_BIT_CONVERSION = YES;
				GCC_WARN_ABOUT_RETURN_TYPE = YES_ERROR;
				GCC_WARN_UNDECLARED_SELECTOR = YES;
				GCC_WARN_UNINITIALIZED_AUTOS = YES_AGGRESSIVE;
				GCC_WARN_UNUSED_FUNCTION = YES;
				GCC_WARN_UNUSED_VARIABLE = YES;
				IPHONEOS_DEPLOYMENT_TARGET = 8.4;
				MTL_ENABLE_DEBUG_INFO = YES;
				ONLY_ACTIVE_ARCH = YES;
				SDKROOT = iphoneos;
			};
			name = Debug;
		};
		C61DE8F21B843AA1002E533C /* Release */ = {
			isa = XCBuildConfiguration;
			buildSettings = {
				ALWAYS_SEARCH_USER_PATHS = NO;
				CLANG_CXX_LANGUAGE_STANDARD = "gnu++0x";
				CLANG_CXX_LIBRARY = "libc++";
				CLANG_ENABLE_MODULES = YES;
				CLANG_ENABLE_OBJC_ARC = YES;
				CLANG_WARN_BOOL_CONVERSION = YES;
				CLANG_WARN_CONSTANT_CONVERSION = YES;
				CLANG_WARN_DIRECT_OBJC_ISA_USAGE = YES_ERROR;
				CLANG_WARN_EMPTY_BODY = YES;
				CLANG_WARN_ENUM_CONVERSION = YES;
				CLANG_WARN_INT_CONVERSION = YES;
				CLANG_WARN_OBJC_ROOT_CLASS = YES_ERROR;
				CLANG_WARN_UNREACHABLE_CODE = YES;
				CLANG_WARN__DUPLICATE_METHOD_MATCH = YES;
				"CODE_SIGN_IDENTITY[sdk=iphoneos*]" = "iPhone Developer";
				COPY_PHASE_STRIP = NO;
				DEBUG_INFORMATION_FORMAT = "dwarf-with-dsym";
				ENABLE_NS_ASSERTIONS = NO;
				ENABLE_STRICT_OBJC_MSGSEND = YES;
				GCC_C_LANGUAGE_STANDARD = gnu99;
				GCC_NO_COMMON_BLOCKS = YES;
				GCC_WARN_64_TO_32_BIT_CONVERSION = YES;
				GCC_WARN_ABOUT_RETURN_TYPE = YES_ERROR;
				GCC_WARN_UNDECLARED_SELECTOR = YES;
				GCC_WARN_UNINITIALIZED_AUTOS = YES_AGGRESSIVE;
				GCC_WARN_UNUSED_FUNCTION = YES;
				GCC_WARN_UNUSED_VARIABLE = YES;
				IPHONEOS_DEPLOYMENT_TARGET = 8.4;
				MTL_ENABLE_DEBUG_INFO = NO;
				SDKROOT = iphoneos;
				VALIDATE_PRODUCT = YES;
			};
			name = Release;
		};
		C61DE8F41B843AA1002E533C /* Debug */ = {
			isa = XCBuildConfiguration;
			buildSettings = {
				ASSETCATALOG_COMPILER_APPICON_NAME = AppIcon;
				INFOPLIST_FILE = CardGame/Info.plist;
				LD_RUNPATH_SEARCH_PATHS = "$(inherited) @executable_path/Frameworks";
				PRODUCT_NAME = "$(TARGET_NAME)";
			};
			name = Debug;
		};
		C61DE8F51B843AA1002E533C /* Release */ = {
			isa = XCBuildConfiguration;
			buildSettings = {
				ASSETCATALOG_COMPILER_APPICON_NAME = AppIcon;
				INFOPLIST_FILE = CardGame/Info.plist;
				LD_RUNPATH_SEARCH_PATHS = "$(inherited) @executable_path/Frameworks";
				PRODUCT_NAME = "$(TARGET_NAME)";
			};
			name = Release;
		};
		C61DE8F71B843AA1002E533C /* Debug */ = {
			isa = XCBuildConfiguration;
			buildSettings = {
				BUNDLE_LOADER = "$(TEST_HOST)";
				FRAMEWORK_SEARCH_PATHS = (
					"$(SDKROOT)/Developer/Library/Frameworks",
					"$(inherited)",
				);
				GCC_PREPROCESSOR_DEFINITIONS = (
					"DEBUG=1",
					"$(inherited)",
				);
				INFOPLIST_FILE = CardGameTests/Info.plist;
				LD_RUNPATH_SEARCH_PATHS = "$(inherited) @executable_path/Frameworks @loader_path/Frameworks";
				PRODUCT_NAME = "$(TARGET_NAME)";
				TEST_HOST = "$(BUILT_PRODUCTS_DIR)/CardGame.app/CardGame";
			};
			name = Debug;
		};
		C61DE8F81B843AA1002E533C /* Release */ = {
			isa = XCBuildConfiguration;
			buildSettings = {
				BUNDLE_LOADER = "$(TEST_HOST)";
				FRAMEWORK_SEARCH_PATHS = (
					"$(SDKROOT)/Developer/Library/Frameworks",
					"$(inherited)",
				);
				INFOPLIST_FILE = CardGameTests/Info.plist;
				LD_RUNPATH_SEARCH_PATHS = "$(inherited) @executable_path/Frameworks @loader_path/Frameworks";
				PRODUCT_NAME = "$(TARGET_NAME)";
				TEST_HOST = "$(BUILT_PRODUCTS_DIR)/CardGame.app/CardGame";
			};
			name = Release;
		};
/* End XCBuildConfiguration section */

/* Begin XCConfigurationList section */
		C61DE8CB1B843AA0002E533C /* Build configuration list for PBXProject "CardGame" */ = {
			isa = XCConfigurationList;
			buildConfigurations = (
				C61DE8F11B843AA1002E533C /* Debug */,
				C61DE8F21B843AA1002E533C /* Release */,
			);
			defaultConfigurationIsVisible = 0;
			defaultConfigurationName = Release;
		};
		C61DE8F31B843AA1002E533C /* Build configuration list for PBXNativeTarget "CardGame" */ = {
			isa = XCConfigurationList;
			buildConfigurations = (
				C61DE8F41B843AA1002E533C /* Debug */,
				C61DE8F51B843AA1002E533C /* Release */,
			);
			defaultConfigurationIsVisible = 0;
			defaultConfigurationName = Release;
		};
		C61DE8F61B843AA1002E533C /* Build configuration list for PBXNativeTarget "CardGameTests" */ = {
			isa = XCConfigurationList;
			buildConfigurations = (
				C61DE8F71B843AA1002E533C /* Debug */,
				C61DE8F81B843AA1002E533C /* Release */,
			);
			defaultConfigurationIsVisible = 0;
			defaultConfigurationName = Release;
		};
/* End XCConfigurationList section */
	};
	rootObject = C61DE8C81B843AA0002E533C /* Project object */;
}
